{
    "name": "Udagram",
    "lockfileVersion": 2,
    "requires": true,
    "packages": {
        "": {
            "dependencies": {
                "nvm": "^0.0.4",
                "tslib": "^2.3.1"
            }
        },
        "node_modules/nvm": {
            "version": "0.0.4",
            "resolved": "https://registry.npmjs.org/nvm/-/nvm-0.0.4.tgz",
            "integrity": "sha1-OKF46dMbKDUIyS0VydqGHRqSELw=",
            "deprecated": "This is NOT the correct nvm. Visit https://nvm.sh and use the curl command to install it.",
            "bin": {
                "nvm": "bin/nvm"
            }
        },
        "node_modules/tslib": {
            "version": "2.3.1",
            "resolved": "https://registry.npmjs.org/tslib/-/tslib-2.3.1.tgz",
            "integrity": "sha512-77EbyPPpMz+FRFRuAFlWMtmgUWGe9UOG2Z25NqCwiIjRhOf5iKGuzSe5P2w1laq+FkRy4p+PCuVkJSGkzTEKVw=="
        }
    },
    "dependencies": {
        "nvm": {
            "version": "0.0.4",
            "resolved": "https://registry.npmjs.org/nvm/-/nvm-0.0.4.tgz",
            "integrity": "sha1-OKF46dMbKDUIyS0VydqGHRqSELw="
        },
        "tslib": {
            "version": "2.3.1",
            "resolved": "https://registry.npmjs.org/tslib/-/tslib-2.3.1.tgz",
            "integrity": "sha512-77EbyPPpMz+FRFRuAFlWMtmgUWGe9UOG2Z25NqCwiIjRhOf5iKGuzSe5P2w1laq+FkRy4p+PCuVkJSGkzTEKVw=="
        }
    }
}
